
Microsoft Visual Studio Solution File, Format Version 12.00
# Visual Studio 15
VisualStudioVersion = 15.0.27428.2005
MinimumVisualStudioVersion = 10.0.40219.1
Project("{FAE04EC0-301F-11D3-BF4B-00C04F79EFBC}") = "ConvertingToOtherSystem", "ConvertingToOtherSystem\ConvertingToOtherSystem.csproj", "{84259A8D-177F-4352-A85B-3592D9166D96}"
EndProject
Project("{FAE04EC0-301F-11D3-BF4B-00C04F79EFBC}") = "NUnitTestConverting", "NUnitTestConverting\NUnitTestConverting.csproj", "{549A067A-75C3-41B9-81B1-BCB20652EDF7}"
EndProject
Global
	GlobalSection(SolutionConfigurationPlatforms) = preSolution
		Debug|Any CPU = Debug|Any CPU
		Release|Any CPU = Release|Any CPU
	EndGlobalSection
	GlobalSection(ProjectConfigurationPlatforms) = postSolution
		{84259A8D-177F-4352-A85B-3592D9166D96}.Debug|Any CPU.ActiveCfg = Debug|Any CPU
		{84259A8D-177F-4352-A85B-3592D9166D96}.Debug|Any CPU.Build.0 = Debug|Any CPU
		{84259A8D-177F-4352-A85B-3592D9166D96}.Release|Any CPU.ActiveCfg = Release|Any CPU
		{84259A8D-177F-4352-A85B-3592D9166D96}.Release|Any CPU.Build.0 = Release|Any CPU
		{549A067A-75C3-41B9-81B1-BCB20652EDF7}.Debug|Any CPU.ActiveCfg = Debug|Any CPU
		{549A067A-75C3-41B9-81B1-BCB20652EDF7}.Debug|Any CPU.Build.0 = Debug|Any CPU
		{549A067A-75C3-41B9-81B1-BCB20652EDF7}.Release|Any CPU.ActiveCfg = Release|Any CPU
		{549A067A-75C3-41B9-81B1-BCB20652EDF7}.Release|Any CPU.Build.0 = Release|Any CPU
	EndGlobalSection
	GlobalSection(SolutionProperties) = preSolution
		HideSolutionNode = FALSE
	EndGlobalSection
	GlobalSection(ExtensibilityGlobals) = postSolution
		SolutionGuid = {C633F5F5-34F6-463A-85EE-D167CB929703}
	EndGlobalSection
EndGlobal
